
Microsoft Visual Studio Solution File, Format Version 12.00
# Visual Studio Version 17
VisualStudioVersion = 17.8.34525.116
MinimumVisualStudioVersion = 10.0.40219.1
Project("{9A19103F-16F7-4668-BE54-9A1E7A4F7556}") = "BookstoreWebApi", "BookstoreWebApi\BookstoreWebApi.csproj", "{56A79D8E-E069-4242-9209-D45169810F71}"
EndProject
Global
	GlobalSection(SolutionConfigurationPlatforms) = preSolution
		Debug|Any CPU = Debug|Any CPU
		Release|Any CPU = Release|Any CPU
	EndGlobalSection
	GlobalSection(ProjectConfigurationPlatforms) = postSolution
		{56A79D8E-E069-4242-9209-D45169810F71}.Debug|Any CPU.ActiveCfg = Debug|Any CPU
		{56A79D8E-E069-4242-9209-D45169810F71}.Debug|Any CPU.Build.0 = Debug|Any CPU
		{56A79D8E-E069-4242-9209-D45169810F71}.Release|Any CPU.ActiveCfg = Release|Any CPU
		{56A79D8E-E069-4242-9209-D45169810F71}.Release|Any CPU.Build.0 = Release|Any CPU
	EndGlobalSection
	GlobalSection(SolutionProperties) = preSolution
		HideSolutionNode = FALSE
	EndGlobalSection
	GlobalSection(ExtensibilityGlobals) = postSolution
		SolutionGuid = {DAFE0440-C643-4BD6-AE13-0F82EC7D07DB}
	EndGlobalSection
EndGlobal
